Microsoft Visual Studio Solution File, Format Version 12.00
# Visual Studio Version 17
VisualStudioVersion = 17.5.2.0
MinimumVisualStudioVersion = 10.0.40219.1
Project("{FAE04EC0-301F-11D3-BF4B-00C04F79EFBC}") = "AyaAgent", "AyaAgent.csproj", "{7B467B2F-06FE-23FF-392A-A7E8231FE828}"
EndProject
Global
	GlobalSection(SolutionConfigurationPlatforms) = preSolution
		Debug|Any CPU = Debug|Any CPU
		Release|Any CPU = Release|Any CPU
	EndGlobalSection
	GlobalSection(ProjectConfigurationPlatforms) = postSolution
		{7B467B2F-06FE-23FF-392A-A7E8231FE828}.Debug|Any CPU.ActiveCfg = Debug|Any CPU
		{7B467B2F-06FE-23FF-392A-A7E8231FE828}.Debug|Any CPU.Build.0 = Debug|Any CPU
		{7B467B2F-06FE-23FF-392A-A7E8231FE828}.Release|Any CPU.ActiveCfg = Release|Any CPU
		{7B467B2F-06FE-23FF-392A-A7E8231FE828}.Release|Any CPU.Build.0 = Release|Any CPU
	EndGlobalSection
	GlobalSection(SolutionProperties) = preSolution
		HideSolutionNode = FALSE
	EndGlobalSection
	GlobalSection(ExtensibilityGlobals) = postSolution
		SolutionGuid = {4B3F41C1-AC37-4501-AAEC-BFD203BB506D}
	EndGlobalSection
EndGlobal
